{
  "name": "celikom",
  "version": "0.2.1",
  "lockfileVersion": 3,
  "requires": true,
  "packages": {
    "": {
      "name": "celikom",
      "version": "0.2.1",
      "workspaces": [
        "extension"
      ],
      "engines": {
        "node": ">=24"
      }
    },
    "extension": {
      "name": "@celikom/extension",
      "version": "0.2.1",
      "engines": {
        "node": ">=24"
      }
    },
    "node_modules/@celikom/extension": {
      "resolved": "extension",
      "link": true
    }
  }
}
